
Microsoft Visual Studio Solution File, Format Version 12.00
# Visual Studio Version 16
VisualStudioVersion = 16.0.30014.187
MinimumVisualStudioVersion = 10.0.40219.1
Project("{9A19103F-16F7-4668-BE54-9A1E7A4F7556}") = "MeetupWeb", "MeetupWeb.csproj", "{7B3729EB-41A2-4FF8-A90A-F57B2A902593}"
EndProject
Project("{9A19103F-16F7-4668-BE54-9A1E7A4F7556}") = "Meetup.Data", "..\Meetup.Data\Meetup.Data.csproj", "{1FFEAB21-1D51-4F16-A60A-9974996F609D}"
EndProject
Project("{FAE04EC0-301F-11D3-BF4B-00C04F79EFBC}") = "MeetUp.Reo", "..\MeetUp.Reo\MeetUp.Reo.csproj", "{98B18F83-5D3C-4271-B926-3EB808C21E5B}"
EndProject
Global
	GlobalSection(SolutionConfigurationPlatforms) = preSolution
		Debug|Any CPU = Debug|Any CPU
		Release|Any CPU = Release|Any CPU
	EndGlobalSection
	GlobalSection(ProjectConfigurationPlatforms) = postSolution
		{7B3729EB-41A2-4FF8-A90A-F57B2A902593}.Debug|Any CPU.ActiveCfg = Debug|Any CPU
		{7B3729EB-41A2-4FF8-A90A-F57B2A902593}.Debug|Any CPU.Build.0 = Debug|Any CPU
		{7B3729EB-41A2-4FF8-A90A-F57B2A902593}.Release|Any CPU.ActiveCfg = Release|Any CPU
		{7B3729EB-41A2-4FF8-A90A-F57B2A902593}.Release|Any CPU.Build.0 = Release|Any CPU
		{1FFEAB21-1D51-4F16-A60A-9974996F609D}.Debug|Any CPU.ActiveCfg = Debug|Any CPU
		{1FFEAB21-1D51-4F16-A60A-9974996F609D}.Debug|Any CPU.Build.0 = Debug|Any CPU
		{1FFEAB21-1D51-4F16-A60A-9974996F609D}.Release|Any CPU.ActiveCfg = Release|Any CPU
		{1FFEAB21-1D51-4F16-A60A-9974996F609D}.Release|Any CPU.Build.0 = Release|Any CPU
		{98B18F83-5D3C-4271-B926-3EB808C21E5B}.Debug|Any CPU.ActiveCfg = Debug|Any CPU
		{98B18F83-5D3C-4271-B926-3EB808C21E5B}.Debug|Any CPU.Build.0 = Debug|Any CPU
		{98B18F83-5D3C-4271-B926-3EB808C21E5B}.Release|Any CPU.ActiveCfg = Release|Any CPU
		{98B18F83-5D3C-4271-B926-3EB808C21E5B}.Release|Any CPU.Build.0 = Release|Any CPU
	EndGlobalSection
	GlobalSection(SolutionProperties) = preSolution
		HideSolutionNode = FALSE
	EndGlobalSection
	GlobalSection(ExtensibilityGlobals) = postSolution
		SolutionGuid = {12338D1C-B00A-4C0A-812A-DD50D2588BFF}
	EndGlobalSection
EndGlobal
